
Microsoft Visual Studio Solution File, Format Version 12.00
# Visual Studio 15
VisualStudioVersion = 15.0.26124.0
MinimumVisualStudioVersion = 15.0.26124.0
Project("{FAE04EC0-301F-11D3-BF4B-00C04F79EFBC}") = "Uma.Uuid", "Uma.Uuid\Uma.Uuid.csproj", "{3CD8E8A7-78E9-4D5A-9350-15E7BCF4CF8B}"
EndProject
Project("{FAE04EC0-301F-11D3-BF4B-00C04F79EFBC}") = "Uma.Uuid.Tests", "Uma.Uuid.Tests\Uma.Uuid.Tests.csproj", "{5EBE935B-3817-488F-BB1A-8CD5389F7963}"
EndProject
Project("{FAE04EC0-301F-11D3-BF4B-00C04F79EFBC}") = "Uma.Uuid.Benchmarks", "Uma.Uuid.Benchmarks\Uma.Uuid.Benchmarks.csproj", "{40A0AA10-5DC6-4DB7-8A2C-198FEF4BFAAD}"
EndProject
Global
	GlobalSection(SolutionConfigurationPlatforms) = preSolution
		Debug|Any CPU = Debug|Any CPU
		Debug|x64 = Debug|x64
		Debug|x86 = Debug|x86
		Release|Any CPU = Release|Any CPU
		Release|x64 = Release|x64
		Release|x86 = Release|x86
	EndGlobalSection
	GlobalSection(SolutionProperties) = preSolution
		HideSolutionNode = FALSE
	EndGlobalSection
	GlobalSection(ProjectConfigurationPlatforms) = postSolution
		{3CD8E8A7-78E9-4D5A-9350-15E7BCF4CF8B}.Debug|Any CPU.ActiveCfg = Debug|Any CPU
		{3CD8E8A7-78E9-4D5A-9350-15E7BCF4CF8B}.Debug|Any CPU.Build.0 = Debug|Any CPU
		{3CD8E8A7-78E9-4D5A-9350-15E7BCF4CF8B}.Debug|x64.ActiveCfg = Debug|Any CPU
		{3CD8E8A7-78E9-4D5A-9350-15E7BCF4CF8B}.Debug|x64.Build.0 = Debug|Any CPU
		{3CD8E8A7-78E9-4D5A-9350-15E7BCF4CF8B}.Debug|x86.ActiveCfg = Debug|Any CPU
		{3CD8E8A7-78E9-4D5A-9350-15E7BCF4CF8B}.Debug|x86.Build.0 = Debug|Any CPU
		{3CD8E8A7-78E9-4D5A-9350-15E7BCF4CF8B}.Release|Any CPU.ActiveCfg = Release|Any CPU
		{3CD8E8A7-78E9-4D5A-9350-15E7BCF4CF8B}.Release|Any CPU.Build.0 = Release|Any CPU
		{3CD8E8A7-78E9-4D5A-9350-15E7BCF4CF8B}.Release|x64.ActiveCfg = Release|Any CPU
		{3CD8E8A7-78E9-4D5A-9350-15E7BCF4CF8B}.Release|x64.Build.0 = Release|Any CPU
		{3CD8E8A7-78E9-4D5A-9350-15E7BCF4CF8B}.Release|x86.ActiveCfg = Release|Any CPU
		{3CD8E8A7-78E9-4D5A-9350-15E7BCF4CF8B}.Release|x86.Build.0 = Release|Any CPU
		{5EBE935B-3817-488F-BB1A-8CD5389F7963}.Debug|Any CPU.ActiveCfg = Debug|Any CPU
		{5EBE935B-3817-488F-BB1A-8CD5389F7963}.Debug|Any CPU.Build.0 = Debug|Any CPU
		{5EBE935B-3817-488F-BB1A-8CD5389F7963}.Debug|x64.ActiveCfg = Debug|Any CPU
		{5EBE935B-3817-488F-BB1A-8CD5389F7963}.Debug|x64.Build.0 = Debug|Any CPU
		{5EBE935B-3817-488F-BB1A-8CD5389F7963}.Debug|x86.ActiveCfg = Debug|Any CPU
		{5EBE935B-3817-488F-BB1A-8CD5389F7963}.Debug|x86.Build.0 = Debug|Any CPU
		{5EBE935B-3817-488F-BB1A-8CD5389F7963}.Release|Any CPU.ActiveCfg = Release|Any CPU
		{5EBE935B-3817-488F-BB1A-8CD5389F7963}.Release|Any CPU.Build.0 = Release|Any CPU
		{5EBE935B-3817-488F-BB1A-8CD5389F7963}.Release|x64.ActiveCfg = Release|Any CPU
		{5EBE935B-3817-488F-BB1A-8CD5389F7963}.Release|x64.Build.0 = Release|Any CPU
		{5EBE935B-3817-488F-BB1A-8CD5389F7963}.Release|x86.ActiveCfg = Release|Any CPU
		{5EBE935B-3817-488F-BB1A-8CD5389F7963}.Release|x86.Build.0 = Release|Any CPU
		{40A0AA10-5DC6-4DB7-8A2C-198FEF4BFAAD}.Debug|Any CPU.ActiveCfg = Debug|Any CPU
		{40A0AA10-5DC6-4DB7-8A2C-198FEF4BFAAD}.Debug|Any CPU.Build.0 = Debug|Any CPU
		{40A0AA10-5DC6-4DB7-8A2C-198FEF4BFAAD}.Debug|x64.ActiveCfg = Debug|Any CPU
		{40A0AA10-5DC6-4DB7-8A2C-198FEF4BFAAD}.Debug|x64.Build.0 = Debug|Any CPU
		{40A0AA10-5DC6-4DB7-8A2C-198FEF4BFAAD}.Debug|x86.ActiveCfg = Debug|Any CPU
		{40A0AA10-5DC6-4DB7-8A2C-198FEF4BFAAD}.Debug|x86.Build.0 = Debug|Any CPU
		{40A0AA10-5DC6-4DB7-8A2C-198FEF4BFAAD}.Release|Any CPU.ActiveCfg = Release|Any CPU
		{40A0AA10-5DC6-4DB7-8A2C-198FEF4BFAAD}.Release|Any CPU.Build.0 = Release|Any CPU
		{40A0AA10-5DC6-4DB7-8A2C-198FEF4BFAAD}.Release|x64.ActiveCfg = Release|Any CPU
		{40A0AA10-5DC6-4DB7-8A2C-198FEF4BFAAD}.Release|x64.Build.0 = Release|Any CPU
		{40A0AA10-5DC6-4DB7-8A2C-198FEF4BFAAD}.Release|x86.ActiveCfg = Release|Any CPU
		{40A0AA10-5DC6-4DB7-8A2C-198FEF4BFAAD}.Release|x86.Build.0 = Release|Any CPU
	EndGlobalSection
EndGlobal
